
Microsoft Visual Studio Solution File, Format Version 12.00
# Visual Studio Version 16
VisualStudioVersion = 16.0.30611.23
MinimumVisualStudioVersion = 10.0.40219.1
Project("{FAE04EC0-301F-11D3-BF4B-00C04F79EFBC}") = "APIGateway", "APIGateway\APIGateway.csproj", "{631B1510-9880-43B0-826F-99D86C1A2A46}"
EndProject
Project("{FAE04EC0-301F-11D3-BF4B-00C04F79EFBC}") = "CustomerAPIServices", "CustomerAPIServices\CustomerAPIServices.csproj", "{CA8ACB20-2CAA-4308-A84F-2A2FC42ECE94}"
EndProject
Project("{FAE04EC0-301F-11D3-BF4B-00C04F79EFBC}") = "ProductsAPIServices", "ProductsAPIServices\ProductsAPIServices.csproj", "{0656BDB6-1570-43A3-8D92-3A811935AFEC}"
EndProject
Global
	GlobalSection(SolutionConfigurationPlatforms) = preSolution
		Debug|Any CPU = Debug|Any CPU
		Release|Any CPU = Release|Any CPU
	EndGlobalSection
	GlobalSection(ProjectConfigurationPlatforms) = postSolution
		{631B1510-9880-43B0-826F-99D86C1A2A46}.Debug|Any CPU.ActiveCfg = Debug|Any CPU
		{631B1510-9880-43B0-826F-99D86C1A2A46}.Debug|Any CPU.Build.0 = Debug|Any CPU
		{631B1510-9880-43B0-826F-99D86C1A2A46}.Release|Any CPU.ActiveCfg = Release|Any CPU
		{631B1510-9880-43B0-826F-99D86C1A2A46}.Release|Any CPU.Build.0 = Release|Any CPU
		{CA8ACB20-2CAA-4308-A84F-2A2FC42ECE94}.Debug|Any CPU.ActiveCfg = Debug|Any CPU
		{CA8ACB20-2CAA-4308-A84F-2A2FC42ECE94}.Debug|Any CPU.Build.0 = Debug|Any CPU
		{CA8ACB20-2CAA-4308-A84F-2A2FC42ECE94}.Release|Any CPU.ActiveCfg = Release|Any CPU
		{CA8ACB20-2CAA-4308-A84F-2A2FC42ECE94}.Release|Any CPU.Build.0 = Release|Any CPU
		{0656BDB6-1570-43A3-8D92-3A811935AFEC}.Debug|Any CPU.ActiveCfg = Debug|Any CPU
		{0656BDB6-1570-43A3-8D92-3A811935AFEC}.Debug|Any CPU.Build.0 = Debug|Any CPU
		{0656BDB6-1570-43A3-8D92-3A811935AFEC}.Release|Any CPU.ActiveCfg = Release|Any CPU
		{0656BDB6-1570-43A3-8D92-3A811935AFEC}.Release|Any CPU.Build.0 = Release|Any CPU
	EndGlobalSection
	GlobalSection(SolutionProperties) = preSolution
		HideSolutionNode = FALSE
	EndGlobalSection
	GlobalSection(ExtensibilityGlobals) = postSolution
		SolutionGuid = {FC84E208-518F-4B10-8896-0422D43334EE}
	EndGlobalSection
EndGlobal
